
Microsoft Visual Studio Solution File, Format Version 12.00
# Visual Studio Version 16
VisualStudioVersion = 16.0.31005.135
MinimumVisualStudioVersion = 10.0.40219.1
Project("{FAE04EC0-301F-11D3-BF4B-00C04F79EFBC}") = "L3", "L3\L3.csproj", "{8DB0E99D-5F17-4808-BA92-0DA8AE3EDB5C}"
EndProject
Global
	GlobalSection(SolutionConfigurationPlatforms) = preSolution
		Debug|Any CPU = Debug|Any CPU
		Release|Any CPU = Release|Any CPU
	EndGlobalSection
	GlobalSection(ProjectConfigurationPlatforms) = postSolution
		{8DB0E99D-5F17-4808-BA92-0DA8AE3EDB5C}.Debug|Any CPU.ActiveCfg = Debug|Any CPU
		{8DB0E99D-5F17-4808-BA92-0DA8AE3EDB5C}.Debug|Any CPU.Build.0 = Debug|Any CPU
		{8DB0E99D-5F17-4808-BA92-0DA8AE3EDB5C}.Release|Any CPU.ActiveCfg = Release|Any CPU
		{8DB0E99D-5F17-4808-BA92-0DA8AE3EDB5C}.Release|Any CPU.Build.0 = Release|Any CPU
	EndGlobalSection
	GlobalSection(SolutionProperties) = preSolution
		HideSolutionNode = FALSE
	EndGlobalSection
	GlobalSection(ExtensibilityGlobals) = postSolution
		SolutionGuid = {E02D7473-1791-4AD9-AFB0-C3D99C4ED9A9}
	EndGlobalSection
EndGlobal
