
Microsoft Visual Studio Solution File, Format Version 12.00
# Visual Studio Version 16
VisualStudioVersion = 16.0.31005.135
MinimumVisualStudioVersion = 10.0.40219.1
Project("{FAE04EC0-301F-11D3-BF4B-00C04F79EFBC}") = "L5", "L5\L5.csproj", "{9C10E01E-7316-4D73-82FF-635A73D77890}"
EndProject
Global
	GlobalSection(SolutionConfigurationPlatforms) = preSolution
		Debug|Any CPU = Debug|Any CPU
		Release|Any CPU = Release|Any CPU
	EndGlobalSection
	GlobalSection(ProjectConfigurationPlatforms) = postSolution
		{9C10E01E-7316-4D73-82FF-635A73D77890}.Debug|Any CPU.ActiveCfg = Debug|Any CPU
		{9C10E01E-7316-4D73-82FF-635A73D77890}.Debug|Any CPU.Build.0 = Debug|Any CPU
		{9C10E01E-7316-4D73-82FF-635A73D77890}.Release|Any CPU.ActiveCfg = Release|Any CPU
		{9C10E01E-7316-4D73-82FF-635A73D77890}.Release|Any CPU.Build.0 = Release|Any CPU
	EndGlobalSection
	GlobalSection(SolutionProperties) = preSolution
		HideSolutionNode = FALSE
	EndGlobalSection
	GlobalSection(ExtensibilityGlobals) = postSolution
		SolutionGuid = {A67F301A-7E48-42C2-9BF3-57426BAB6AEF}
	EndGlobalSection
EndGlobal
