
Microsoft Visual Studio Solution File, Format Version 12.00
# Visual Studio Version 16
VisualStudioVersion = 16.0.31005.135
MinimumVisualStudioVersion = 10.0.40219.1
Project("{FAE04EC0-301F-11D3-BF4B-00C04F79EFBC}") = "L8", "L8\L8.csproj", "{BCD1A7EB-C90A-4348-A7B7-61809A6B11D0}"
EndProject
Global
	GlobalSection(SolutionConfigurationPlatforms) = preSolution
		Debug|Any CPU = Debug|Any CPU
		Release|Any CPU = Release|Any CPU
	EndGlobalSection
	GlobalSection(ProjectConfigurationPlatforms) = postSolution
		{BCD1A7EB-C90A-4348-A7B7-61809A6B11D0}.Debug|Any CPU.ActiveCfg = Debug|Any CPU
		{BCD1A7EB-C90A-4348-A7B7-61809A6B11D0}.Debug|Any CPU.Build.0 = Debug|Any CPU
		{BCD1A7EB-C90A-4348-A7B7-61809A6B11D0}.Release|Any CPU.ActiveCfg = Release|Any CPU
		{BCD1A7EB-C90A-4348-A7B7-61809A6B11D0}.Release|Any CPU.Build.0 = Release|Any CPU
	EndGlobalSection
	GlobalSection(SolutionProperties) = preSolution
		HideSolutionNode = FALSE
	EndGlobalSection
	GlobalSection(ExtensibilityGlobals) = postSolution
		SolutionGuid = {195CC636-10E4-466A-A3D2-BD6966C7C09C}
	EndGlobalSection
EndGlobal
